
Microsoft Visual Studio Solution File, Format Version 12.00
# Visual Studio 2013
VisualStudioVersion = 12.0.31101.0
MinimumVisualStudioVersion = 10.0.40219.1
Project("{FAE04EC0-301F-11D3-BF4B-00C04F79EFBC}") = "App1", "App1\App1\App1.csproj", "{A2441EF3-0E28-4612-B61B-F6A694580E71}"
EndProject
Project("{FAE04EC0-301F-11D3-BF4B-00C04F79EFBC}") = "App1.iOS", "App1\App1.iOS\App1.iOS.csproj", "{5F64EED8-87C0-45A0-886B-C215984E87AA}"
EndProject
Project("{FAE04EC0-301F-11D3-BF4B-00C04F79EFBC}") = "App1.Droid", "App1\App1.Droid\App1.Droid.csproj", "{9197FBE1-49AC-4B22-B92B-7A4E082E5CDB}"
EndProject
Project("{FAE04EC0-301F-11D3-BF4B-00C04F79EFBC}") = "App1.WinPhone", "App1\App1.WinPhone\App1.WinPhone.csproj", "{EEC5E93E-04F8-4145-8D8A-AF9D2B909DB8}"
EndProject
Global
	GlobalSection(SolutionConfigurationPlatforms) = preSolution
		Ad-Hoc|Any CPU = Ad-Hoc|Any CPU
		Ad-Hoc|ARM = Ad-Hoc|ARM
		Ad-Hoc|iPhone = Ad-Hoc|iPhone
		Ad-Hoc|iPhoneSimulator = Ad-Hoc|iPhoneSimulator
		Ad-Hoc|Mixed Platforms = Ad-Hoc|Mixed Platforms
		Ad-Hoc|x86 = Ad-Hoc|x86
		AppStore|Any CPU = AppStore|Any CPU
		AppStore|ARM = AppStore|ARM
		AppStore|iPhone = AppStore|iPhone
		AppStore|iPhoneSimulator = AppStore|iPhoneSimulator
		AppStore|Mixed Platforms = AppStore|Mixed Platforms
		AppStore|x86 = AppStore|x86
		Debug|Any CPU = Debug|Any CPU
		Debug|ARM = Debug|ARM
		Debug|iPhone = Debug|iPhone
		Debug|iPhoneSimulator = Debug|iPhoneSimulator
		Debug|Mixed Platforms = Debug|Mixed Platforms
		Debug|x86 = Debug|x86
		Release|Any CPU = Release|Any CPU
		Release|ARM = Release|ARM
		Release|iPhone = Release|iPhone
		Release|iPhoneSimulator = Release|iPhoneSimulator
		Release|Mixed Platforms = Release|Mixed Platforms
		Release|x86 = Release|x86
	EndGlobalSection
	GlobalSection(ProjectConfigurationPlatforms) = postSolution
		{A2441EF3-0E28-4612-B61B-F6A694580E71}.Ad-Hoc|Any CPU.ActiveCfg = Release|Any CPU
		{A2441EF3-0E28-4612-B61B-F6A694580E71}.Ad-Hoc|Any CPU.Build.0 = Release|Any CPU
		{A2441EF3-0E28-4612-B61B-F6A694580E71}.Ad-Hoc|ARM.ActiveCfg = Release|Any CPU
		{A2441EF3-0E28-4612-B61B-F6A694580E71}.Ad-Hoc|iPhone.ActiveCfg = Release|Any CPU
		{A2441EF3-0E28-4612-B61B-F6A694580E71}.Ad-Hoc|iPhoneSimulator.ActiveCfg = Release|Any CPU
		{A2441EF3-0E28-4612-B61B-F6A694580E71}.Ad-Hoc|Mixed Platforms.ActiveCfg = Release|Any CPU
		{A2441EF3-0E28-4612-B61B-F6A694580E71}.Ad-Hoc|Mixed Platforms.Build.0 = Release|Any CPU
		{A2441EF3-0E28-4612-B61B-F6A694580E71}.Ad-Hoc|x86.ActiveCfg = Release|Any CPU
		{A2441EF3-0E28-4612-B61B-F6A694580E71}.AppStore|Any CPU.ActiveCfg = Release|Any CPU
		{A2441EF3-0E28-4612-B61B-F6A694580E71}.AppStore|Any CPU.Build.0 = Release|Any CPU
		{A2441EF3-0E28-4612-B61B-F6A694580E71}.AppStore|ARM.ActiveCfg = Release|Any CPU
		{A2441EF3-0E28-4612-B61B-F6A694580E71}.AppStore|iPhone.ActiveCfg = Release|Any CPU
		{A2441EF3-0E28-4612-B61B-F6A694580E71}.AppStore|iPhoneSimulator.ActiveCfg = Release|Any CPU
		{A2441EF3-0E28-4612-B61B-F6A694580E71}.AppStore|Mixed Platforms.ActiveCfg = Release|Any CPU
		{A2441EF3-0E28-4612-B61B-F6A694580E71}.AppStore|Mixed Platforms.Build.0 = Release|Any CPU
		{A2441EF3-0E28-4612-B61B-F6A694580E71}.AppStore|x86.ActiveCfg = Release|Any CPU
		{A2441EF3-0E28-4612-B61B-F6A694580E71}.Debug|Any CPU.ActiveCfg = Debug|Any CPU
		{A2441EF3-0E28-4612-B61B-F6A694580E71}.Debug|Any CPU.Build.0 = Debug|Any CPU
		{A2441EF3-0E28-4612-B61B-F6A694580E71}.Debug|ARM.ActiveCfg = Debug|Any CPU
		{A2441EF3-0E28-4612-B61B-F6A694580E71}.Debug|iPhone.ActiveCfg = Debug|Any CPU
		{A2441EF3-0E28-4612-B61B-F6A694580E71}.Debug|iPhoneSimulator.ActiveCfg = Debug|Any CPU
		{A2441EF3-0E28-4612-B61B-F6A694580E71}.Debug|iPhoneSimulator.Build.0 = Debug|Any CPU
		{A2441EF3-0E28-4612-B61B-F6A694580E71}.Debug|Mixed Platforms.ActiveCfg = Debug|Any CPU
		{A2441EF3-0E28-4612-B61B-F6A694580E71}.Debug|Mixed Platforms.Build.0 = Debug|Any CPU
		{A2441EF3-0E28-4612-B61B-F6A694580E71}.Debug|x86.ActiveCfg = Debug|Any CPU
		{A2441EF3-0E28-4612-B61B-F6A694580E71}.Release|Any CPU.ActiveCfg = Release|Any CPU
		{A2441EF3-0E28-4612-B61B-F6A694580E71}.Release|Any CPU.Build.0 = Release|Any CPU
		{A2441EF3-0E28-4612-B61B-F6A694580E71}.Release|ARM.ActiveCfg = Release|Any CPU
		{A2441EF3-0E28-4612-B61B-F6A694580E71}.Release|iPhone.ActiveCfg = Release|Any CPU
		{A2441EF3-0E28-4612-B61B-F6A694580E71}.Release|iPhoneSimulator.ActiveCfg = Release|Any CPU
		{A2441EF3-0E28-4612-B61B-F6A694580E71}.Release|Mixed Platforms.ActiveCfg = Release|Any CPU
		{A2441EF3-0E28-4612-B61B-F6A694580E71}.Release|Mixed Platforms.Build.0 = Release|Any CPU
		{A2441EF3-0E28-4612-B61B-F6A694580E71}.Release|x86.ActiveCfg = Release|Any CPU
		{5F64EED8-87C0-45A0-886B-C215984E87AA}.Ad-Hoc|Any CPU.ActiveCfg = Ad-Hoc|iPhone
		{5F64EED8-87C0-45A0-886B-C215984E87AA}.Ad-Hoc|ARM.ActiveCfg = Ad-Hoc|iPhone
		{5F64EED8-87C0-45A0-886B-C215984E87AA}.Ad-Hoc|iPhone.ActiveCfg = Ad-Hoc|iPhone
		{5F64EED8-87C0-45A0-886B-C215984E87AA}.Ad-Hoc|iPhone.Build.0 = Ad-Hoc|iPhone
		{5F64EED8-87C0-45A0-886B-C215984E87AA}.Ad-Hoc|iPhoneSimulator.ActiveCfg = Ad-Hoc|iPhoneSimulator
		{5F64EED8-87C0-45A0-886B-C215984E87AA}.Ad-Hoc|iPhoneSimulator.Build.0 = Ad-Hoc|iPhoneSimulator
		{5F64EED8-87C0-45A0-886B-C215984E87AA}.Ad-Hoc|Mixed Platforms.ActiveCfg = Ad-Hoc|iPhone
		{5F64EED8-87C0-45A0-886B-C215984E87AA}.Ad-Hoc|Mixed Platforms.Build.0 = Ad-Hoc|iPhone
		{5F64EED8-87C0-45A0-886B-C215984E87AA}.Ad-Hoc|x86.ActiveCfg = Ad-Hoc|iPhone
		{5F64EED8-87C0-45A0-886B-C215984E87AA}.AppStore|Any CPU.ActiveCfg = AppStore|iPhone
		{5F64EED8-87C0-45A0-886B-C215984E87AA}.AppStore|ARM.ActiveCfg = AppStore|iPhone
		{5F64EED8-87C0-45A0-886B-C215984E87AA}.AppStore|iPhone.ActiveCfg = AppStore|iPhone
		{5F64EED8-87C0-45A0-886B-C215984E87AA}.AppStore|iPhone.Build.0 = AppStore|iPhone
		{5F64EED8-87C0-45A0-886B-C215984E87AA}.AppStore|iPhoneSimulator.ActiveCfg = AppStore|iPhoneSimulator
		{5F64EED8-87C0-45A0-886B-C215984E87AA}.AppStore|iPhoneSimulator.Build.0 = AppStore|iPhoneSimulator
		{5F64EED8-87C0-45A0-886B-C215984E87AA}.AppStore|Mixed Platforms.ActiveCfg = AppStore|iPhone
		{5F64EED8-87C0-45A0-886B-C215984E87AA}.AppStore|Mixed Platforms.Build.0 = AppStore|iPhone
		{5F64EED8-87C0-45A0-886B-C215984E87AA}.AppStore|x86.ActiveCfg = AppStore|iPhone
		{5F64EED8-87C0-45A0-886B-C215984E87AA}.Debug|Any CPU.ActiveCfg = Debug|iPhoneSimulator
		{5F64EED8-87C0-45A0-886B-C215984E87AA}.Debug|Any CPU.Build.0 = Debug|iPhoneSimulator
		{5F64EED8-87C0-45A0-886B-C215984E87AA}.Debug|ARM.ActiveCfg = Debug|iPhone
		{5F64EED8-87C0-45A0-886B-C215984E87AA}.Debug|iPhone.ActiveCfg = Debug|iPhone
		{5F64EED8-87C0-45A0-886B-C215984E87AA}.Debug|iPhone.Build.0 = Debug|iPhone
		{5F64EED8-87C0-45A0-886B-C215984E87AA}.Debug|iPhoneSimulator.ActiveCfg = Debug|iPhoneSimulator
		{5F64EED8-87C0-45A0-886B-C215984E87AA}.Debug|iPhoneSimulator.Build.0 = Debug|iPhoneSimulator
		{5F64EED8-87C0-45A0-886B-C215984E87AA}.Debug|Mixed Platforms.ActiveCfg = Debug|iPhone
		{5F64EED8-87C0-45A0-886B-C215984E87AA}.Debug|Mixed Platforms.Build.0 = Debug|iPhone
		{5F64EED8-87C0-45A0-886B-C215984E87AA}.Debug|x86.ActiveCfg = Debug|iPhone
		{5F64EED8-87C0-45A0-886B-C215984E87AA}.Release|Any CPU.ActiveCfg = Release|iPhone
		{5F64EED8-87C0-45A0-886B-C215984E87AA}.Release|ARM.ActiveCfg = Release|iPhone
		{5F64EED8-87C0-45A0-886B-C215984E87AA}.Release|iPhone.ActiveCfg = Release|iPhone
		{5F64EED8-87C0-45A0-886B-C215984E87AA}.Release|iPhone.Build.0 = Release|iPhone
		{5F64EED8-87C0-45A0-886B-C215984E87AA}.Release|iPhoneSimulator.ActiveCfg = Release|iPhoneSimulator
		{5F64EED8-87C0-45A0-886B-C215984E87AA}.Release|iPhoneSimulator.Build.0 = Release|iPhoneSimulator
		{5F64EED8-87C0-45A0-886B-C215984E87AA}.Release|Mixed Platforms.ActiveCfg = Release|iPhone
		{5F64EED8-87C0-45A0-886B-C215984E87AA}.Release|Mixed Platforms.Build.0 = Release|iPhone
		{5F64EED8-87C0-45A0-886B-C215984E87AA}.Release|x86.ActiveCfg = Release|iPhone
		{9197FBE1-49AC-4B22-B92B-7A4E082E5CDB}.Ad-Hoc|Any CPU.ActiveCfg = Release|Any CPU
		{9197FBE1-49AC-4B22-B92B-7A4E082E5CDB}.Ad-Hoc|Any CPU.Build.0 = Release|Any CPU
		{9197FBE1-49AC-4B22-B92B-7A4E082E5CDB}.Ad-Hoc|Any CPU.Deploy.0 = Release|Any CPU
		{9197FBE1-49AC-4B22-B92B-7A4E082E5CDB}.Ad-Hoc|ARM.ActiveCfg = Release|Any CPU
		{9197FBE1-49AC-4B22-B92B-7A4E082E5CDB}.Ad-Hoc|iPhone.ActiveCfg = Release|Any CPU
		{9197FBE1-49AC-4B22-B92B-7A4E082E5CDB}.Ad-Hoc|iPhoneSimulator.ActiveCfg = Release|Any CPU
		{9197FBE1-49AC-4B22-B92B-7A4E082E5CDB}.Ad-Hoc|Mixed Platforms.ActiveCfg = Release|Any CPU
		{9197FBE1-49AC-4B22-B92B-7A4E082E5CDB}.Ad-Hoc|Mixed Platforms.Build.0 = Release|Any CPU
		{9197FBE1-49AC-4B22-B92B-7A4E082E5CDB}.Ad-Hoc|Mixed Platforms.Deploy.0 = Release|Any CPU
		{9197FBE1-49AC-4B22-B92B-7A4E082E5CDB}.Ad-Hoc|x86.ActiveCfg = Release|Any CPU
		{9197FBE1-49AC-4B22-B92B-7A4E082E5CDB}.AppStore|Any CPU.ActiveCfg = Release|Any CPU
		{9197FBE1-49AC-4B22-B92B-7A4E082E5CDB}.AppStore|Any CPU.Build.0 = Release|Any CPU
		{9197FBE1-49AC-4B22-B92B-7A4E082E5CDB}.AppStore|Any CPU.Deploy.0 = Release|Any CPU
		{9197FBE1-49AC-4B22-B92B-7A4E082E5CDB}.AppStore|ARM.ActiveCfg = Release|Any CPU
		{9197FBE1-49AC-4B22-B92B-7A4E082E5CDB}.AppStore|iPhone.ActiveCfg = Release|Any CPU
		{9197FBE1-49AC-4B22-B92B-7A4E082E5CDB}.AppStore|iPhoneSimulator.ActiveCfg = Release|Any CPU
		{9197FBE1-49AC-4B22-B92B-7A4E082E5CDB}.AppStore|Mixed Platforms.ActiveCfg = Release|Any CPU
		{9197FBE1-49AC-4B22-B92B-7A4E082E5CDB}.AppStore|Mixed Platforms.Build.0 = Release|Any CPU
		{9197FBE1-49AC-4B22-B92B-7A4E082E5CDB}.AppStore|Mixed Platforms.Deploy.0 = Release|Any CPU
		{9197FBE1-49AC-4B22-B92B-7A4E082E5CDB}.AppStore|x86.ActiveCfg = Release|Any CPU
		{9197FBE1-49AC-4B22-B92B-7A4E082E5CDB}.Debug|Any CPU.ActiveCfg = Debug|Any CPU
		{9197FBE1-49AC-4B22-B92B-7A4E082E5CDB}.Debug|Any CPU.Build.0 = Debug|Any CPU
		{9197FBE1-49AC-4B22-B92B-7A4E082E5CDB}.Debug|Any CPU.Deploy.0 = Debug|Any CPU
		{9197FBE1-49AC-4B22-B92B-7A4E082E5CDB}.Debug|ARM.ActiveCfg = Debug|Any CPU
		{9197FBE1-49AC-4B22-B92B-7A4E082E5CDB}.Debug|iPhone.ActiveCfg = Debug|Any CPU
		{9197FBE1-49AC-4B22-B92B-7A4E082E5CDB}.Debug|iPhoneSimulator.ActiveCfg = Debug|Any CPU
		{9197FBE1-49AC-4B22-B92B-7A4E082E5CDB}.Debug|iPhoneSimulator.Build.0 = Debug|Any CPU
		{9197FBE1-49AC-4B22-B92B-7A4E082E5CDB}.Debug|iPhoneSimulator.Deploy.0 = Debug|Any CPU
		{9197FBE1-49AC-4B22-B92B-7A4E082E5CDB}.Debug|Mixed Platforms.ActiveCfg = Debug|Any CPU
		{9197FBE1-49AC-4B22-B92B-7A4E082E5CDB}.Debug|Mixed Platforms.Build.0 = Debug|Any CPU
		{9197FBE1-49AC-4B22-B92B-7A4E082E5CDB}.Debug|Mixed Platforms.Deploy.0 = Debug|Any CPU
		{9197FBE1-49AC-4B22-B92B-7A4E082E5CDB}.Debug|x86.ActiveCfg = Debug|Any CPU
		{9197FBE1-49AC-4B22-B92B-7A4E082E5CDB}.Release|Any CPU.ActiveCfg = Release|Any CPU
		{9197FBE1-49AC-4B22-B92B-7A4E082E5CDB}.Release|Any CPU.Build.0 = Release|Any CPU
		{9197FBE1-49AC-4B22-B92B-7A4E082E5CDB}.Release|Any CPU.Deploy.0 = Release|Any CPU
		{9197FBE1-49AC-4B22-B92B-7A4E082E5CDB}.Release|ARM.ActiveCfg = Release|Any CPU
		{9197FBE1-49AC-4B22-B92B-7A4E082E5CDB}.Release|iPhone.ActiveCfg = Release|Any CPU
		{9197FBE1-49AC-4B22-B92B-7A4E082E5CDB}.Release|iPhoneSimulator.ActiveCfg = Release|Any CPU
		{9197FBE1-49AC-4B22-B92B-7A4E082E5CDB}.Release|Mixed Platforms.ActiveCfg = Release|Any CPU
		{9197FBE1-49AC-4B22-B92B-7A4E082E5CDB}.Release|Mixed Platforms.Build.0 = Release|Any CPU
		{9197FBE1-49AC-4B22-B92B-7A4E082E5CDB}.Release|Mixed Platforms.Deploy.0 = Release|Any CPU
		{9197FBE1-49AC-4B22-B92B-7A4E082E5CDB}.Release|x86.ActiveCfg = Release|Any CPU
		{EEC5E93E-04F8-4145-8D8A-AF9D2B909DB8}.Ad-Hoc|Any CPU.ActiveCfg = Release|Any CPU
		{EEC5E93E-04F8-4145-8D8A-AF9D2B909DB8}.Ad-Hoc|Any CPU.Build.0 = Release|Any CPU
		{EEC5E93E-04F8-4145-8D8A-AF9D2B909DB8}.Ad-Hoc|Any CPU.Deploy.0 = Release|Any CPU
		{EEC5E93E-04F8-4145-8D8A-AF9D2B909DB8}.Ad-Hoc|ARM.ActiveCfg = Release|ARM
		{EEC5E93E-04F8-4145-8D8A-AF9D2B909DB8}.Ad-Hoc|ARM.Build.0 = Release|ARM
		{EEC5E93E-04F8-4145-8D8A-AF9D2B909DB8}.Ad-Hoc|ARM.Deploy.0 = Release|ARM
		{EEC5E93E-04F8-4145-8D8A-AF9D2B909DB8}.Ad-Hoc|iPhone.ActiveCfg = Release|Any CPU
		{EEC5E93E-04F8-4145-8D8A-AF9D2B909DB8}.Ad-Hoc|iPhoneSimulator.ActiveCfg = Release|Any CPU
		{EEC5E93E-04F8-4145-8D8A-AF9D2B909DB8}.Ad-Hoc|Mixed Platforms.ActiveCfg = Release|x86
		{EEC5E93E-04F8-4145-8D8A-AF9D2B909DB8}.Ad-Hoc|Mixed Platforms.Build.0 = Release|x86
		{EEC5E93E-04F8-4145-8D8A-AF9D2B909DB8}.Ad-Hoc|Mixed Platforms.Deploy.0 = Release|x86
		{EEC5E93E-04F8-4145-8D8A-AF9D2B909DB8}.Ad-Hoc|x86.ActiveCfg = Release|x86
		{EEC5E93E-04F8-4145-8D8A-AF9D2B909DB8}.Ad-Hoc|x86.Build.0 = Release|x86
		{EEC5E93E-04F8-4145-8D8A-AF9D2B909DB8}.Ad-Hoc|x86.Deploy.0 = Release|x86
		{EEC5E93E-04F8-4145-8D8A-AF9D2B909DB8}.AppStore|Any CPU.ActiveCfg = Release|Any CPU
		{EEC5E93E-04F8-4145-8D8A-AF9D2B909DB8}.AppStore|Any CPU.Build.0 = Release|Any CPU
		{EEC5E93E-04F8-4145-8D8A-AF9D2B909DB8}.AppStore|Any CPU.Deploy.0 = Release|Any CPU
		{EEC5E93E-04F8-4145-8D8A-AF9D2B909DB8}.AppStore|ARM.ActiveCfg = Release|ARM
		{EEC5E93E-04F8-4145-8D8A-AF9D2B909DB8}.AppStore|ARM.Build.0 = Release|ARM
		{EEC5E93E-04F8-4145-8D8A-AF9D2B909DB8}.AppStore|ARM.Deploy.0 = Release|ARM
		{EEC5E93E-04F8-4145-8D8A-AF9D2B909DB8}.AppStore|iPhone.ActiveCfg = Release|Any CPU
		{EEC5E93E-04F8-4145-8D8A-AF9D2B909DB8}.AppStore|iPhoneSimulator.ActiveCfg = Release|Any CPU
		{EEC5E93E-04F8-4145-8D8A-AF9D2B909DB8}.AppStore|Mixed Platforms.ActiveCfg = Release|x86
		{EEC5E93E-04F8-4145-8D8A-AF9D2B909DB8}.AppStore|Mixed Platforms.Build.0 = Release|x86
		{EEC5E93E-04F8-4145-8D8A-AF9D2B909DB8}.AppStore|Mixed Platforms.Deploy.0 = Release|x86
		{EEC5E93E-04F8-4145-8D8A-AF9D2B909DB8}.AppStore|x86.ActiveCfg = Release|x86
		{EEC5E93E-04F8-4145-8D8A-AF9D2B909DB8}.AppStore|x86.Build.0 = Release|x86
		{EEC5E93E-04F8-4145-8D8A-AF9D2B909DB8}.AppStore|x86.Deploy.0 = Release|x86
		{EEC5E93E-04F8-4145-8D8A-AF9D2B909DB8}.Debug|Any CPU.ActiveCfg = Debug|Any CPU
		{EEC5E93E-04F8-4145-8D8A-AF9D2B909DB8}.Debug|Any CPU.Build.0 = Debug|Any CPU
		{EEC5E93E-04F8-4145-8D8A-AF9D2B909DB8}.Debug|Any CPU.Deploy.0 = Debug|Any CPU
		{EEC5E93E-04F8-4145-8D8A-AF9D2B909DB8}.Debug|ARM.ActiveCfg = Debug|ARM
		{EEC5E93E-04F8-4145-8D8A-AF9D2B909DB8}.Debug|ARM.Build.0 = Debug|ARM
		{EEC5E93E-04F8-4145-8D8A-AF9D2B909DB8}.Debug|ARM.Deploy.0 = Debug|ARM
		{EEC5E93E-04F8-4145-8D8A-AF9D2B909DB8}.Debug|iPhone.ActiveCfg = Debug|Any CPU
		{EEC5E93E-04F8-4145-8D8A-AF9D2B909DB8}.Debug|iPhoneSimulator.ActiveCfg = Debug|Any CPU
		{EEC5E93E-04F8-4145-8D8A-AF9D2B909DB8}.Debug|iPhoneSimulator.Build.0 = Debug|Any CPU
		{EEC5E93E-04F8-4145-8D8A-AF9D2B909DB8}.Debug|iPhoneSimulator.Deploy.0 = Debug|Any CPU
		{EEC5E93E-04F8-4145-8D8A-AF9D2B909DB8}.Debug|Mixed Platforms.ActiveCfg = Debug|x86
		{EEC5E93E-04F8-4145-8D8A-AF9D2B909DB8}.Debug|Mixed Platforms.Build.0 = Debug|x86
		{EEC5E93E-04F8-4145-8D8A-AF9D2B909DB8}.Debug|Mixed Platforms.Deploy.0 = Debug|x86
		{EEC5E93E-04F8-4145-8D8A-AF9D2B909DB8}.Debug|x86.ActiveCfg = Debug|x86
		{EEC5E93E-04F8-4145-8D8A-AF9D2B909DB8}.Debug|x86.Build.0 = Debug|x86
		{EEC5E93E-04F8-4145-8D8A-AF9D2B909DB8}.Debug|x86.Deploy.0 = Debug|x86
		{EEC5E93E-04F8-4145-8D8A-AF9D2B909DB8}.Release|Any CPU.ActiveCfg = Release|Any CPU
		{EEC5E93E-04F8-4145-8D8A-AF9D2B909DB8}.Release|Any CPU.Build.0 = Release|Any CPU
		{EEC5E93E-04F8-4145-8D8A-AF9D2B909DB8}.Release|Any CPU.Deploy.0 = Release|Any CPU
		{EEC5E93E-04F8-4145-8D8A-AF9D2B909DB8}.Release|ARM.ActiveCfg = Release|ARM
		{EEC5E93E-04F8-4145-8D8A-AF9D2B909DB8}.Release|ARM.Build.0 = Release|ARM
		{EEC5E93E-04F8-4145-8D8A-AF9D2B909DB8}.Release|ARM.Deploy.0 = Release|ARM
		{EEC5E93E-04F8-4145-8D8A-AF9D2B909DB8}.Release|iPhone.ActiveCfg = Release|Any CPU
		{EEC5E93E-04F8-4145-8D8A-AF9D2B909DB8}.Release|iPhoneSimulator.ActiveCfg = Release|Any CPU
		{EEC5E93E-04F8-4145-8D8A-AF9D2B909DB8}.Release|Mixed Platforms.ActiveCfg = Release|x86
		{EEC5E93E-04F8-4145-8D8A-AF9D2B909DB8}.Release|Mixed Platforms.Build.0 = Release|x86
		{EEC5E93E-04F8-4145-8D8A-AF9D2B909DB8}.Release|Mixed Platforms.Deploy.0 = Release|x86
		{EEC5E93E-04F8-4145-8D8A-AF9D2B909DB8}.Release|x86.ActiveCfg = Release|x86
		{EEC5E93E-04F8-4145-8D8A-AF9D2B909DB8}.Release|x86.Build.0 = Release|x86
		{EEC5E93E-04F8-4145-8D8A-AF9D2B909DB8}.Release|x86.Deploy.0 = Release|x86
	EndGlobalSection
	GlobalSection(SolutionProperties) = preSolution
		HideSolutionNode = FALSE
	EndGlobalSection
EndGlobal
